// !$*UTF8*$!
{
	archiveVersion = 1;
	classes = {
	};
	objectVersion = 50;
	objects = {

/* Begin PBXBuildFile section */
		146F7551211414BC0004C1D0 /* RescuerMapVC.swift in Sources */ = {isa = PBXBuildFile; fileRef = 146F7550211414BC0004C1D0 /* RescuerMapVC.swift */; };
		146F7553211415B90004C1D0 /* MapViewController.swift in Sources */ = {isa = PBXBuildFile; fileRef = 146F7552211415B90004C1D0 /* MapViewController.swift */; };
		60276F482112E9CA00A1B62B /* AppDelegate.swift in Sources */ = {isa = PBXBuildFile; fileRef = 60276F472112E9CA00A1B62B /* AppDelegate.swift */; };
		60276F4A2112E9CA00A1B62B /* ViewController.swift in Sources */ = {isa = PBXBuildFile; fileRef = 60276F492112E9CA00A1B62B /* ViewController.swift */; };
		60276F4D2112E9CA00A1B62B /* Main.storyboard in Resources */ = {isa = PBXBuildFile; fileRef = 60276F4B2112E9CA00A1B62B /* Main.storyboard */; };
		60276F4F2112E9CD00A1B62B /* Assets.xcassets in Resources */ = {isa = PBXBuildFile; fileRef = 60276F4E2112E9CD00A1B62B /* Assets.xcassets */; };
		60276F522112E9CD00A1B62B /* LaunchScreen.storyboard in Resources */ = {isa = PBXBuildFile; fileRef = 60276F502112E9CD00A1B62B /* LaunchScreen.storyboard */; };
		60276F5D2112E9CD00A1B62B /* MalhoufTests.swift in Sources */ = {isa = PBXBuildFile; fileRef = 60276F5C2112E9CD00A1B62B /* MalhoufTests.swift */; };
		60276F682112E9CE00A1B62B /* MalhoufUITests.swift in Sources */ = {isa = PBXBuildFile; fileRef = 60276F672112E9CE00A1B62B /* MalhoufUITests.swift */; };
		60276F772113230900A1B62B /* HomeViewController.swift in Sources */ = {isa = PBXBuildFile; fileRef = 60276F762113230900A1B62B /* HomeViewController.swift */; };
		60276F7921132ACE00A1B62B /* LoginViewController.swift in Sources */ = {isa = PBXBuildFile; fileRef = 60276F7821132ACE00A1B62B /* LoginViewController.swift */; };
		60276F7B21132BBA00A1B62B /* TicketTextField2.swift in Sources */ = {isa = PBXBuildFile; fileRef = 60276F7A21132BBA00A1B62B /* TicketTextField2.swift */; };
		60276F7D21132C5A00A1B62B /* TimerViewController.swift in Sources */ = {isa = PBXBuildFile; fileRef = 60276F7C21132C5A00A1B62B /* TimerViewController.swift */; };
		BF1F546BAB63AB874ED08C54 /* Pods_MalhoufTests.framework in Frameworks */ = {isa = PBXBuildFile; fileRef = B251E4979D9E5EA65DF42D2C /* Pods_MalhoufTests.framework */; };
		D316F991B207F8475129D9CA /* Pods_Malhouf.framework in Frameworks */ = {isa = PBXBuildFile; fileRef = CA5BF6B39E1A0B29870F7149 /* Pods_Malhouf.framework */; };
		DE366077770C8E46657F6266 /* Pods_MalhoufUITests.framework in Frameworks */ = {isa = PBXBuildFile; fileRef = 37B7392D574D5D0B16859E01 /* Pods_MalhoufUITests.framework */; };
/* End PBXBuildFile section */

/* Begin PBXContainerItemProxy section */
		60276F592112E9CD00A1B62B /* PBXContainerItemProxy */ = {
			isa = PBXContainerItemProxy;
			containerPortal = 60276F3C2112E9CA00A1B62B /* Project object */;
			proxyType = 1;
			remoteGlobalIDString = 60276F432112E9CA00A1B62B;
			remoteInfo = Malhouf;
		};
		60276F642112E9CD00A1B62B /* PBXContainerItemProxy */ = {
			isa = PBXContainerItemProxy;
			containerPortal = 60276F3C2112E9CA00A1B62B /* Project object */;
			proxyType = 1;
			remoteGlobalIDString = 60276F432112E9CA00A1B62B;
			remoteInfo = Malhouf;
		};
/* End PBXContainerItemProxy section */

/* Begin PBXFileReference section */
		0095B75617E0EA46FAED8397 /* Pods-MalhoufTests.release.xcconfig */ = {isa = PBXFileReference; includeInIndex = 1; lastKnownFileType = text.xcconfig; name = "Pods-MalhoufTests.release.xcconfig"; path = "Pods/Target Support Files/Pods-MalhoufTests/Pods-MalhoufTests.release.xcconfig"; sourceTree = "<group>"; };
		0E484EE1473F5DE387A4D1A5 /* Pods-Malhouf.release.xcconfig */ = {isa = PBXFileReference; includeInIndex = 1; lastKnownFileType = text.xcconfig; name = "Pods-Malhouf.release.xcconfig"; path = "Pods/Target Support Files/Pods-Malhouf/Pods-Malhouf.release.xcconfig"; sourceTree = "<group>"; };
		146F7550211414BC0004C1D0 /* RescuerMapVC.swift */ = {isa = PBXFileReference; lastKnownFileType = sourcecode.swift; path = RescuerMapVC.swift; sourceTree = "<group>"; };
		146F7552211415B90004C1D0 /* MapViewController.swift */ = {isa = PBXFileReference; lastKnownFileType = sourcecode.swift; path = MapViewController.swift; sourceTree = "<group>"; };
		2C3D37C571DEC0773036017D /* Pods-MalhoufUITests.debug.xcconfig */ = {isa = PBXFileReference; includeInIndex = 1; lastKnownFileType = text.xcconfig; name = "Pods-MalhoufUITests.debug.xcconfig"; path = "Pods/Target Support Files/Pods-MalhoufUITests/Pods-MalhoufUITests.debug.xcconfig"; sourceTree = "<group>"; };
		37B7392D574D5D0B16859E01 /* Pods_MalhoufUITests.framework */ = {isa = PBXFileReference; explicitFileType = wrapper.framework; includeInIndex = 0; path = Pods_MalhoufUITests.framework; sourceTree = BUILT_PRODUCTS_DIR; };
		60276F442112E9CA00A1B62B /* Malhouf.app */ = {isa = PBXFileReference; explicitFileType = wrapper.application; includeInIndex = 0; path = Malhouf.app; sourceTree = BUILT_PRODUCTS_DIR; };
		60276F472112E9CA00A1B62B /* AppDelegate.swift */ = {isa = PBXFileReference; lastKnownFileType = sourcecode.swift; path = AppDelegate.swift; sourceTree = "<group>"; };
		60276F492112E9CA00A1B62B /* ViewController.swift */ = {isa = PBXFileReference; lastKnownFileType = sourcecode.swift; path = ViewController.swift; sourceTree = "<group>"; };
		60276F4C2112E9CA00A1B62B /* Base */ = {isa = PBXFileReference; lastKnownFileType = file.storyboard; name = Base; path = Base.lproj/Main.storyboard; sourceTree = "<group>"; };
		60276F4E2112E9CD00A1B62B /* Assets.xcassets */ = {isa = PBXFileReference; lastKnownFileType = folder.assetcatalog; path = Assets.xcassets; sourceTree = "<group>"; };
		60276F512112E9CD00A1B62B /* Base */ = {isa = PBXFileReference; lastKnownFileType = file.storyboard; name = Base; path = Base.lproj/LaunchScreen.storyboard; sourceTree = "<group>"; };
		60276F532112E9CD00A1B62B /* Info.plist */ = {isa = PBXFileReference; lastKnownFileType = text.plist.xml; path = Info.plist; sourceTree = "<group>"; };
		60276F582112E9CD00A1B62B /* MalhoufTests.xctest */ = {isa = PBXFileReference; explicitFileType = wrapper.cfbundle; includeInIndex = 0; path = MalhoufTests.xctest; sourceTree = BUILT_PRODUCTS_DIR; };
		60276F5C2112E9CD00A1B62B /* MalhoufTests.swift */ = {isa = PBXFileReference; lastKnownFileType = sourcecode.swift; path = MalhoufTests.swift; sourceTree = "<group>"; };
		60276F5E2112E9CD00A1B62B /* Info.plist */ = {isa = PBXFileReference; lastKnownFileType = text.plist.xml; path = Info.plist; sourceTree = "<group>"; };
		60276F632112E9CD00A1B62B /* MalhoufUITests.xctest */ = {isa = PBXFileReference; explicitFileType = wrapper.cfbundle; includeInIndex = 0; path = MalhoufUITests.xctest; sourceTree = BUILT_PRODUCTS_DIR; };
		60276F672112E9CE00A1B62B /* MalhoufUITests.swift */ = {isa = PBXFileReference; lastKnownFileType = sourcecode.swift; path = MalhoufUITests.swift; sourceTree = "<group>"; };
		60276F692112E9CE00A1B62B /* Info.plist */ = {isa = PBXFileReference; lastKnownFileType = text.plist.xml; path = Info.plist; sourceTree = "<group>"; };
		60276F762113230900A1B62B /* HomeViewController.swift */ = {isa = PBXFileReference; lastKnownFileType = sourcecode.swift; path = HomeViewController.swift; sourceTree = "<group>"; };
		60276F7821132ACE00A1B62B /* LoginViewController.swift */ = {isa = PBXFileReference; lastKnownFileType = sourcecode.swift; path = LoginViewController.swift; sourceTree = "<group>"; };
		60276F7A21132BBA00A1B62B /* TicketTextField2.swift */ = {isa = PBXFileReference; lastKnownFileType = sourcecode.swift; path = TicketTextField2.swift; sourceTree = "<group>"; };
		60276F7C21132C5A00A1B62B /* TimerViewController.swift */ = {isa = PBXFileReference; lastKnownFileType = sourcecode.swift; path = TimerViewController.swift; sourceTree = "<group>"; };
		A77281A64AB28155CC1A2EB2 /* Pods-MalhoufTests.debug.xcconfig */ = {isa = PBXFileReference; includeInIndex = 1; lastKnownFileType = text.xcconfig; name = "Pods-MalhoufTests.debug.xcconfig"; path = "Pods/Target Support Files/Pods-MalhoufTests/Pods-MalhoufTests.debug.xcconfig"; sourceTree = "<group>"; };
		AB62FD7284B5D9F9A4C24420 /* Pods-Malhouf.debug.xcconfig */ = {isa = PBXFileReference; includeInIndex = 1; lastKnownFileType = text.xcconfig; name = "Pods-Malhouf.debug.xcconfig"; path = "Pods/Target Support Files/Pods-Malhouf/Pods-Malhouf.debug.xcconfig"; sourceTree = "<group>"; };
		B251E4979D9E5EA65DF42D2C /* Pods_MalhoufTests.framework */ = {isa = PBXFileReference; explicitFileType = wrapper.framework; includeInIndex = 0; path = Pods_MalhoufTests.framework; sourceTree = BUILT_PRODUCTS_DIR; };
		C818375FBF016C4F4AA442D4 /* Pods-MalhoufUITests.release.xcconfig */ = {isa = PBXFileReference; includeInIndex = 1; lastKnownFileType = text.xcconfig; name = "Pods-MalhoufUITests.release.xcconfig"; path = "Pods/Target Support Files/Pods-MalhoufUITests/Pods-MalhoufUITests.release.xcconfig"; sourceTree = "<group>"; };
		CA5BF6B39E1A0B29870F7149 /* Pods_Malhouf.framework */ = {isa = PBXFileReference; explicitFileType = wrapper.framework; includeInIndex = 0; path = Pods_Malhouf.framework; sourceTree = BUILT_PRODUCTS_DIR; };
/* End PBXFileReference section */

/* Begin PBXFrameworksBuildPhase section */
		60276F412112E9CA00A1B62B /* Frameworks */ = {
			isa = PBXFrameworksBuildPhase;
			buildActionMask = 2147483647;
			files = (
				D316F991B207F8475129D9CA /* Pods_Malhouf.framework in Frameworks */,
			);
			runOnlyForDeploymentPostprocessing = 0;
		};
		60276F552112E9CD00A1B62B /* Frameworks */ = {
			isa = PBXFrameworksBuildPhase;
			buildActionMask = 2147483647;
			files = (
				BF1F546BAB63AB874ED08C54 /* Pods_MalhoufTests.framework in Frameworks */,
			);
			runOnlyForDeploymentPostprocessing = 0;
		};
		60276F602112E9CD00A1B62B /* Frameworks */ = {
			isa = PBXFrameworksBuildPhase;
			buildActionMask = 2147483647;
			files = (
				DE366077770C8E46657F6266 /* Pods_MalhoufUITests.framework in Frameworks */,
			);
			runOnlyForDeploymentPostprocessing = 0;
		};
/* End PBXFrameworksBuildPhase section */

/* Begin PBXGroup section */
		3DD6FCA01639112D489D62C3 /* Pods */ = {
			isa = PBXGroup;
			children = (
				AB62FD7284B5D9F9A4C24420 /* Pods-Malhouf.debug.xcconfig */,
				0E484EE1473F5DE387A4D1A5 /* Pods-Malhouf.release.xcconfig */,
				A77281A64AB28155CC1A2EB2 /* Pods-MalhoufTests.debug.xcconfig */,
				0095B75617E0EA46FAED8397 /* Pods-MalhoufTests.release.xcconfig */,
				2C3D37C571DEC0773036017D /* Pods-MalhoufUITests.debug.xcconfig */,
				C818375FBF016C4F4AA442D4 /* Pods-MalhoufUITests.release.xcconfig */,
			);
			name = Pods;
			sourceTree = "<group>";
		};
		60276F3B2112E9CA00A1B62B = {
			isa = PBXGroup;
			children = (
				60276F462112E9CA00A1B62B /* Malhouf */,
				60276F5B2112E9CD00A1B62B /* MalhoufTests */,
				60276F662112E9CE00A1B62B /* MalhoufUITests */,
				60276F452112E9CA00A1B62B /* Products */,
				3DD6FCA01639112D489D62C3 /* Pods */,
				C6BEA611A126692FAD92FEA1 /* Frameworks */,
			);
			sourceTree = "<group>";
		};
		60276F452112E9CA00A1B62B /* Products */ = {
			isa = PBXGroup;
			children = (
				60276F442112E9CA00A1B62B /* Malhouf.app */,
				60276F582112E9CD00A1B62B /* MalhoufTests.xctest */,
				60276F632112E9CD00A1B62B /* MalhoufUITests.xctest */,
			);
			name = Products;
			sourceTree = "<group>";
		};
		60276F462112E9CA00A1B62B /* Malhouf */ = {
			isa = PBXGroup;
			children = (
				60276F472112E9CA00A1B62B /* AppDelegate.swift */,
				60276F492112E9CA00A1B62B /* ViewController.swift */,
				60276F4B2112E9CA00A1B62B /* Main.storyboard */,
				60276F7C21132C5A00A1B62B /* TimerViewController.swift */,
				60276F7A21132BBA00A1B62B /* TicketTextField2.swift */,
				60276F7821132ACE00A1B62B /* LoginViewController.swift */,
				60276F762113230900A1B62B /* HomeViewController.swift */,
				60276F4E2112E9CD00A1B62B /* Assets.xcassets */,
				60276F502112E9CD00A1B62B /* LaunchScreen.storyboard */,
				60276F532112E9CD00A1B62B /* Info.plist */,
				146F7550211414BC0004C1D0 /* RescuerMapVC.swift */,
				146F7552211415B90004C1D0 /* MapViewController.swift */,
			);
			path = Malhouf;
			sourceTree = "<group>";
		};
		60276F5B2112E9CD00A1B62B /* MalhoufTests */ = {
			isa = PBXGroup;
			children = (
				60276F5C2112E9CD00A1B62B /* MalhoufTests.swift */,
				60276F5E2112E9CD00A1B62B /* Info.plist */,
			);
			path = MalhoufTests;
			sourceTree = "<group>";
		};
		60276F662112E9CE00A1B62B /* MalhoufUITests */ = {
			isa = PBXGroup;
			children = (
				60276F672112E9CE00A1B62B /* MalhoufUITests.swift */,
				60276F692112E9CE00A1B62B /* Info.plist */,
			);
			path = MalhoufUITests;
			sourceTree = "<group>";
		};
		C6BEA611A126692FAD92FEA1 /* Frameworks */ = {
			isa = PBXGroup;
			children = (
				CA5BF6B39E1A0B29870F7149 /* Pods_Malhouf.framework */,
				B251E4979D9E5EA65DF42D2C /* Pods_MalhoufTests.framework */,
				37B7392D574D5D0B16859E01 /* Pods_MalhoufUITests.framework */,
			);
			name = Frameworks;
			sourceTree = "<group>";
		};
/* End PBXGroup section */

/* Begin PBXNativeTarget section */
		60276F432112E9CA00A1B62B /* Malhouf */ = {
			isa = PBXNativeTarget;
			buildConfigurationList = 60276F6C2112E9CE00A1B62B /* Build configuration list for PBXNativeTarget "Malhouf" */;
			buildPhases = (
				09ACCFF0E71358F424CD1CBB /* [CP] Check Pods Manifest.lock */,
				60276F402112E9CA00A1B62B /* Sources */,
				60276F412112E9CA00A1B62B /* Frameworks */,
				60276F422112E9CA00A1B62B /* Resources */,
				013C55A31DAB1E04AC748F56 /* [CP] Embed Pods Frameworks */,
				086D23E3468D406CE61E9FF4 /* [CP] Copy Pods Resources */,
			);
			buildRules = (
			);
			dependencies = (
			);
			name = Malhouf;
			productName = Malhouf;
			productReference = 60276F442112E9CA00A1B62B /* Malhouf.app */;
			productType = "com.apple.product-type.application";
		};
		60276F572112E9CD00A1B62B /* MalhoufTests */ = {
			isa = PBXNativeTarget;
			buildConfigurationList = 60276F6F2112E9CE00A1B62B /* Build configuration list for PBXNativeTarget "MalhoufTests" */;
			buildPhases = (
				D9F9B8FD09AE39FDA3BD11DC /* [CP] Check Pods Manifest.lock */,
				60276F542112E9CD00A1B62B /* Sources */,
				60276F552112E9CD00A1B62B /* Frameworks */,
				60276F562112E9CD00A1B62B /* Resources */,
			);
			buildRules = (
			);
			dependencies = (
				60276F5A2112E9CD00A1B62B /* PBXTargetDependency */,
			);
			name = MalhoufTests;
			productName = MalhoufTests;
			productReference = 60276F582112E9CD00A1B62B /* MalhoufTests.xctest */;
			productType = "com.apple.product-type.bundle.unit-test";
		};
		60276F622112E9CD00A1B62B /* MalhoufUITests */ = {
			isa = PBXNativeTarget;
			buildConfigurationList = 60276F722112E9CE00A1B62B /* Build configuration list for PBXNativeTarget "MalhoufUITests" */;
			buildPhases = (
				B520A2AD9589DCF3DB8D1777 /* [CP] Check Pods Manifest.lock */,
				60276F5F2112E9CD00A1B62B /* Sources */,
				60276F602112E9CD00A1B62B /* Frameworks */,
				60276F612112E9CD00A1B62B /* Resources */,
			);
			buildRules = (
			);
			dependencies = (
				60276F652112E9CD00A1B62B /* PBXTargetDependency */,
			);
			name = MalhoufUITests;
			productName = MalhoufUITests;
			productReference = 60276F632112E9CD00A1B62B /* MalhoufUITests.xctest */;
			productType = "com.apple.product-type.bundle.ui-testing";
		};
/* End PBXNativeTarget section */

/* Begin PBXProject section */
		60276F3C2112E9CA00A1B62B /* Project object */ = {
			isa = PBXProject;
			attributes = {
				LastSwiftUpdateCheck = 0940;
				LastUpgradeCheck = 0940;
				ORGANIZATIONNAME = hajjhackthon;
				TargetAttributes = {
					60276F432112E9CA00A1B62B = {
						CreatedOnToolsVersion = 9.4.1;
					};
					60276F572112E9CD00A1B62B = {
						CreatedOnToolsVersion = 9.4.1;
						TestTargetID = 60276F432112E9CA00A1B62B;
					};
					60276F622112E9CD00A1B62B = {
						CreatedOnToolsVersion = 9.4.1;
						TestTargetID = 60276F432112E9CA00A1B62B;
					};
				};
			};
			buildConfigurationList = 60276F3F2112E9CA00A1B62B /* Build configuration list for PBXProject "Malhouf" */;
			compatibilityVersion = "Xcode 9.3";
			developmentRegion = en;
			hasScannedForEncodings = 0;
			knownRegions = (
				en,
				Base,
			);
			mainGroup = 60276F3B2112E9CA00A1B62B;
			productRefGroup = 60276F452112E9CA00A1B62B /* Products */;
			projectDirPath = "";
			projectRoot = "";
			targets = (
				60276F432112E9CA00A1B62B /* Malhouf */,
				60276F572112E9CD00A1B62B /* MalhoufTests */,
				60276F622112E9CD00A1B62B /* MalhoufUITests */,
			);
		};
/* End PBXProject section */

/* Begin PBXResourcesBuildPhase section */
		60276F422112E9CA00A1B62B /* Resources */ = {
			isa = PBXResourcesBuildPhase;
			buildActionMask = 2147483647;
			files = (
				60276F522112E9CD00A1B62B /* LaunchScreen.storyboard in Resources */,
				60276F4F2112E9CD00A1B62B /* Assets.xcassets in Resources */,
				60276F4D2112E9CA00A1B62B /* Main.storyboard in Resources */,
			);
			runOnlyForDeploymentPostprocessing = 0;
		};
		60276F562112E9CD00A1B62B /* Resources */ = {
			isa = PBXResourcesBuildPhase;
			buildActionMask = 2147483647;
			files = (
			);
			runOnlyForDeploymentPostprocessing = 0;
		};
		60276F612112E9CD00A1B62B /* Resources */ = {
			isa = PBXResourcesBuildPhase;
			buildActionMask = 2147483647;
			files = (
			);
			runOnlyForDeploymentPostprocessing = 0;
		};
/* End PBXResourcesBuildPhase section */

/* Begin PBXShellScriptBuildPhase section */
		013C55A31DAB1E04AC748F56 /* [CP] Embed Pods Frameworks */ = {
			isa = PBXShellScriptBuildPhase;
			buildActionMask = 2147483647;
			files = (
			);
			inputPaths = (
				"${SRCROOT}/Pods/Target Support Files/Pods-Malhouf/Pods-Malhouf-frameworks.sh",
				"${BUILT_PRODUCTS_DIR}/Alamofire/Alamofire.framework",
				"${BUILT_PRODUCTS_DIR}/SwiftyJSON/SwiftyJSON.framework",
				"${BUILT_PRODUCTS_DIR}/TTGSnackbar/TTGSnackbar.framework",
			);
			name = "[CP] Embed Pods Frameworks";
			outputPaths = (
				"${TARGET_BUILD_DIR}/${FRAMEWORKS_FOLDER_PATH}/Alamofire.framework",
				"${TARGET_BUILD_DIR}/${FRAMEWORKS_FOLDER_PATH}/SwiftyJSON.framework",
				"${TARGET_BUILD_DIR}/${FRAMEWORKS_FOLDER_PATH}/TTGSnackbar.framework",
			);
			runOnlyForDeploymentPostprocessing = 0;
			shellPath = /bin/sh;
			shellScript = "\"${SRCROOT}/Pods/Target Support Files/Pods-Malhouf/Pods-Malhouf-frameworks.sh\"\n";
			showEnvVarsInLog = 0;
		};
		086D23E3468D406CE61E9FF4 /* [CP] Copy Pods Resources */ = {
			isa = PBXShellScriptBuildPhase;
			buildActionMask = 2147483647;
			files = (
			);
			inputPaths = (
				"${SRCROOT}/Pods/Target Support Files/Pods-Malhouf/Pods-Malhouf-resources.sh",
				"${PODS_ROOT}/GoogleMaps/Maps/Frameworks/GoogleMaps.framework/Resources/GoogleMaps.bundle",
				"${PODS_ROOT}/GooglePlaces/Frameworks/GooglePlaces.framework/Resources/GooglePlaces.bundle",
			);
			name = "[CP] Copy Pods Resources";
			outputPaths = (
				"${TARGET_BUILD_DIR}/${UNLOCALIZED_RESOURCES_FOLDER_PATH}/GoogleMaps.bundle",
				"${TARGET_BUILD_DIR}/${UNLOCALIZED_RESOURCES_FOLDER_PATH}/GooglePlaces.bundle",
			);
			runOnlyForDeploymentPostprocessing = 0;
			shellPath = /bin/sh;
			shellScript = "\"${SRCROOT}/Pods/Target Support Files/Pods-Malhouf/Pods-Malhouf-resources.sh\"\n";
			showEnvVarsInLog = 0;
		};
		09ACCFF0E71358F424CD1CBB /* [CP] Check Pods Manifest.lock */ = {
			isa = PBXShellScriptBuildPhase;
			buildActionMask = 2147483647;
			files = (
			);
			inputPaths = (
				"${PODS_PODFILE_DIR_PATH}/Podfile.lock",
				"${PODS_ROOT}/Manifest.lock",
			);
			name = "[CP] Check Pods Manifest.lock";
			outputPaths = (
				"$(DERIVED_FILE_DIR)/Pods-Malhouf-checkManifestLockResult.txt",
			);
			runOnlyForDeploymentPostprocessing = 0;
			shellPath = /bin/sh;
			shellScript = "diff \"${PODS_PODFILE_DIR_PATH}/Podfile.lock\" \"${PODS_ROOT}/Manifest.lock\" > /dev/null\nif [ $? != 0 ] ; then\n    # print error to STDERR\n    echo \"error: The sandbox is not in sync with the Podfile.lock. Run 'pod install' or update your CocoaPods installation.\" >&2\n    exit 1\nfi\n# This output is used by Xcode 'outputs' to avoid re-running this script phase.\necho \"SUCCESS\" > \"${SCRIPT_OUTPUT_FILE_0}\"\n";
			showEnvVarsInLog = 0;
		};
		B520A2AD9589DCF3DB8D1777 /* [CP] Check Pods Manifest.lock */ = {
			isa = PBXShellScriptBuildPhase;
			buildActionMask = 2147483647;
			files = (
			);
			inputPaths = (
				"${PODS_PODFILE_DIR_PATH}/Podfile.lock",
				"${PODS_ROOT}/Manifest.lock",
			);
			name = "[CP] Check Pods Manifest.lock";
			outputPaths = (
				"$(DERIVED_FILE_DIR)/Pods-MalhoufUITests-checkManifestLockResult.txt",
			);
			runOnlyForDeploymentPostprocessing = 0;
			shellPath = /bin/sh;
			shellScript = "diff \"${PODS_PODFILE_DIR_PATH}/Podfile.lock\" \"${PODS_ROOT}/Manifest.lock\" > /dev/null\nif [ $? != 0 ] ; then\n    # print error to STDERR\n    echo \"error: The sandbox is not in sync with the Podfile.lock. Run 'pod install' or update your CocoaPods installation.\" >&2\n    exit 1\nfi\n# This output is used by Xcode 'outputs' to avoid re-running this script phase.\necho \"SUCCESS\" > \"${SCRIPT_OUTPUT_FILE_0}\"\n";
			showEnvVarsInLog = 0;
		};
		D9F9B8FD09AE39FDA3BD11DC /* [CP] Check Pods Manifest.lock */ = {
			isa = PBXShellScriptBuildPhase;
			buildActionMask = 2147483647;
			files = (
			);
			inputPaths = (
				"${PODS_PODFILE_DIR_PATH}/Podfile.lock",
				"${PODS_ROOT}/Manifest.lock",
			);
			name = "[CP] Check Pods Manifest.lock";
			outputPaths = (
				"$(DERIVED_FILE_DIR)/Pods-MalhoufTests-checkManifestLockResult.txt",
			);
			runOnlyForDeploymentPostprocessing = 0;
			shellPath = /bin/sh;
			shellScript = "diff \"${PODS_PODFILE_DIR_PATH}/Podfile.lock\" \"${PODS_ROOT}/Manifest.lock\" > /dev/null\nif [ $? != 0 ] ; then\n    # print error to STDERR\n    echo \"error: The sandbox is not in sync with the Podfile.lock. Run 'pod install' or update your CocoaPods installation.\" >&2\n    exit 1\nfi\n# This output is used by Xcode 'outputs' to avoid re-running this script phase.\necho \"SUCCESS\" > \"${SCRIPT_OUTPUT_FILE_0}\"\n";
			showEnvVarsInLog = 0;
		};
/* End PBXShellScriptBuildPhase section */

/* Begin PBXSourcesBuildPhase section */
		60276F402112E9CA00A1B62B /* Sources */ = {
			isa = PBXSourcesBuildPhase;
			buildActionMask = 2147483647;
			files = (
				60276F7921132ACE00A1B62B /* LoginViewController.swift in Sources */,
				146F7551211414BC0004C1D0 /* RescuerMapVC.swift in Sources */,
				60276F4A2112E9CA00A1B62B /* ViewController.swift in Sources */,
				60276F482112E9CA00A1B62B /* AppDelegate.swift in Sources */,
				60276F7B21132BBA00A1B62B /* TicketTextField2.swift in Sources */,
				60276F7D21132C5A00A1B62B /* TimerViewController.swift in Sources */,
				60276F772113230900A1B62B /* HomeViewController.swift in Sources */,
				146F7553211415B90004C1D0 /* MapViewController.swift in Sources */,
			);
			runOnlyForDeploymentPostprocessing = 0;
		};
		60276F542112E9CD00A1B62B /* Sources */ = {
			isa = PBXSourcesBuildPhase;
			buildActionMask = 2147483647;
			files = (
				60276F5D2112E9CD00A1B62B /* MalhoufTests.swift in Sources */,
			);
			runOnlyForDeploymentPostprocessing = 0;
		};
		60276F5F2112E9CD00A1B62B /* Sources */ = {
			isa = PBXSourcesBuildPhase;
			buildActionMask = 2147483647;
			files = (
				60276F682112E9CE00A1B62B /* MalhoufUITests.swift in Sources */,
			);
			runOnlyForDeploymentPostprocessing = 0;
		};
/* End PBXSourcesBuildPhase section */

/* Begin PBXTargetDependency section */
		60276F5A2112E9CD00A1B62B /* PBXTargetDependency */ = {
			isa = PBXTargetDependency;
			target = 60276F432112E9CA00A1B62B /* Malhouf */;
			targetProxy = 60276F592112E9CD00A1B62B /* PBXContainerItemProxy */;
		};
		60276F652112E9CD00A1B62B /* PBXTargetDependency */ = {
			isa = PBXTargetDependency;
			target = 60276F432112E9CA00A1B62B /* Malhouf */;
			targetProxy = 60276F642112E9CD00A1B62B /* PBXContainerItemProxy */;
		};
/* End PBXTargetDependency section */

/* Begin PBXVariantGroup section */
		60276F4B2112E9CA00A1B62B /* Main.storyboard */ = {
			isa = PBXVariantGroup;
			children = (
				60276F4C2112E9CA00A1B62B /* Base */,
			);
			name = Main.storyboard;
			sourceTree = "<group>";
		};
		60276F502112E9CD00A1B62B /* LaunchScreen.storyboard */ = {
			isa = PBXVariantGroup;
			children = (
				60276F512112E9CD00A1B62B /* Base */,
			);
			name = LaunchScreen.storyboard;
			sourceTree = "<group>";
		};
/* End PBXVariantGroup section */

/* Begin XCBuildConfiguration section */
		60276F6A2112E9CE00A1B62B /* Debug */ = {
			isa = XCBuildConfiguration;
			buildSettings = {
				ALWAYS_SEARCH_USER_PATHS = NO;
				CLANG_ANALYZER_NONNULL = YES;
				CLANG_ANALYZER_NUMBER_OBJECT_CONVERSION = YES_AGGRESSIVE;
				CLANG_CXX_LANGUAGE_STANDARD = "gnu++14";
				CLANG_CXX_LIBRARY = "libc++";
				CLANG_ENABLE_MODULES = YES;
				CLANG_ENABLE_OBJC_ARC = YES;
				CLANG_ENABLE_OBJC_WEAK = YES;
				CLANG_WARN_BLOCK_CAPTURE_AUTORELEASING = YES;
				CLANG_WARN_BOOL_CONVERSION = YES;
				CLANG_WARN_COMMA = YES;
				CLANG_WARN_CONSTANT_CONVERSION = YES;
				CLANG_WARN_DEPRECATED_OBJC_IMPLEMENTATIONS = YES;
				CLANG_WARN_DIRECT_OBJC_ISA_USAGE = YES_ERROR;
				CLANG_WARN_DOCUMENTATION_COMMENTS = YES;
				CLANG_WARN_EMPTY_BODY = YES;
				CLANG_WARN_ENUM_CONVERSION = YES;
				CLANG_WARN_INFINITE_RECURSION = YES;
				CLANG_WARN_INT_CONVERSION = YES;
				CLANG_WARN_NON_LITERAL_NULL_CONVERSION = YES;
				CLANG_WARN_OBJC_IMPLICIT_RETAIN_SELF = YES;
				CLANG_WARN_OBJC_LITERAL_CONVERSION = YES;
				CLANG_WARN_OBJC_ROOT_CLASS = YES_ERROR;
				CLANG_WARN_RANGE_LOOP_ANALYSIS = YES;
				CLANG_WARN_STRICT_PROTOTYPES = YES;
				CLANG_WARN_SUSPICIOUS_MOVE = YES;
				CLANG_WARN_UNGUARDED_AVAILABILITY = YES_AGGRESSIVE;
				CLANG_WARN_UNREACHABLE_CODE = YES;
				CLANG_WARN__DUPLICATE_METHOD_MATCH = YES;
				CODE_SIGN_IDENTITY = "iPhone Developer";
				COPY_PHASE_STRIP = NO;
				DEBUG_INFORMATION_FORMAT = dwarf;
				ENABLE_STRICT_OBJC_MSGSEND = YES;
				ENABLE_TESTABILITY = YES;
				GCC_C_LANGUAGE_STANDARD = gnu11;
				GCC_DYNAMIC_NO_PIC = NO;
				GCC_NO_COMMON_BLOCKS = YES;
				GCC_OPTIMIZATION_LEVEL = 0;
				GCC_PREPROCESSOR_DEFINITIONS = (
					"DEBUG=1",
					"$(inherited)",
				);
				GCC_WARN_64_TO_32_BIT_CONVERSION = YES;
				GCC_WARN_ABOUT_RETURN_TYPE = YES_ERROR;
				GCC_WARN_UNDECLARED_SELECTOR = YES;
				GCC_WARN_UNINITIALIZED_AUTOS = YES_AGGRESSIVE;
				GCC_WARN_UNUSED_FUNCTION = YES;
				GCC_WARN_UNUSED_VARIABLE = YES;
				IPHONEOS_DEPLOYMENT_TARGET = 11.4;
				MTL_ENABLE_DEBUG_INFO = YES;
				ONLY_ACTIVE_ARCH = YES;
				SDKROOT = iphoneos;
				SWIFT_ACTIVE_COMPILATION_CONDITIONS = DEBUG;
				SWIFT_OPTIMIZATION_LEVEL = "-Onone";
			};
			name = Debug;
		};
		60276F6B2112E9CE00A1B62B /* Release */ = {
			isa = XCBuildConfiguration;
			buildSettings = {
				ALWAYS_SEARCH_USER_PATHS = NO;
				CLANG_ANALYZER_NONNULL = YES;
				CLANG_ANALYZER_NUMBER_OBJECT_CONVERSION = YES_AGGRESSIVE;
				CLANG_CXX_LANGUAGE_STANDARD = "gnu++14";
				CLANG_CXX_LIBRARY = "libc++";
				CLANG_ENABLE_MODULES = YES;
				CLANG_ENABLE_OBJC_ARC = YES;
				CLANG_ENABLE_OBJC_WEAK = YES;
				CLANG_WARN_BLOCK_CAPTURE_AUTORELEASING = YES;
				CLANG_WARN_BOOL_CONVERSION = YES;
				CLANG_WARN_COMMA = YES;
				CLANG_WARN_CONSTANT_CONVERSION = YES;
				CLANG_WARN_DEPRECATED_OBJC_IMPLEMENTATIONS = YES;
				CLANG_WARN_DIRECT_OBJC_ISA_USAGE = YES_ERROR;
				CLANG_WARN_DOCUMENTATION_COMMENTS = YES;
				CLANG_WARN_EMPTY_BODY = YES;
				CLANG_WARN_ENUM_CONVERSION = YES;
				CLANG_WARN_INFINITE_RECURSION = YES;
				CLANG_WARN_INT_CONVERSION = YES;
				CLANG_WARN_NON_LITERAL_NULL_CONVERSION = YES;
				CLANG_WARN_OBJC_IMPLICIT_RETAIN_SELF = YES;
				CLANG_WARN_OBJC_LITERAL_CONVERSION = YES;
				CLANG_WARN_OBJC_ROOT_CLASS = YES_ERROR;
				CLANG_WARN_RANGE_LOOP_ANALYSIS = YES;
				CLANG_WARN_STRICT_PROTOTYPES = YES;
				CLANG_WARN_SUSPICIOUS_MOVE = YES;
				CLANG_WARN_UNGUARDED_AVAILABILITY = YES_AGGRESSIVE;
				CLANG_WARN_UNREACHABLE_CODE = YES;
				CLANG_WARN__DUPLICATE_METHOD_MATCH = YES;
				CODE_SIGN_IDENTITY = "iPhone Developer";
				COPY_PHASE_STRIP = NO;
				DEBUG_INFORMATION_FORMAT = "dwarf-with-dsym";
				ENABLE_NS_ASSERTIONS = NO;
				ENABLE_STRICT_OBJC_MSGSEND = YES;
				GCC_C_LANGUAGE_STANDARD = gnu11;
				GCC_NO_COMMON_BLOCKS = YES;
				GCC_WARN_64_TO_32_BIT_CONVERSION = YES;
				GCC_WARN_ABOUT_RETURN_TYPE = YES_ERROR;
				GCC_WARN_UNDECLARED_SELECTOR = YES;
				GCC_WARN_UNINITIALIZED_AUTOS = YES_AGGRESSIVE;
				GCC_WARN_UNUSED_FUNCTION = YES;
				GCC_WARN_UNUSED_VARIABLE = YES;
				IPHONEOS_DEPLOYMENT_TARGET = 11.4;
				MTL_ENABLE_DEBUG_INFO = NO;
				SDKROOT = iphoneos;
				SWIFT_COMPILATION_MODE = wholemodule;
				SWIFT_OPTIMIZATION_LEVEL = "-O";
				VALIDATE_PRODUCT = YES;
			};
			name = Release;
		};
		60276F6D2112E9CE00A1B62B /* Debug */ = {
			isa = XCBuildConfiguration;
			baseConfigurationReference = AB62FD7284B5D9F9A4C24420 /* Pods-Malhouf.debug.xcconfig */;
			buildSettings = {
				ASSETCATALOG_COMPILER_APPICON_NAME = AppIcon;
				CODE_SIGN_STYLE = Automatic;
				DEVELOPMENT_TEAM = 962VFYAU45;
				INFOPLIST_FILE = Malhouf/Info.plist;
				LD_RUNPATH_SEARCH_PATHS = (
					"$(inherited)",
					"@executable_path/Frameworks",
				);
				PRODUCT_BUNDLE_IDENTIFIER = com.hajjhacthon.Malhouf;
				PRODUCT_NAME = "$(TARGET_NAME)";
				SWIFT_VERSION = 4.0;
				TARGETED_DEVICE_FAMILY = "1,2";
			};
			name = Debug;
		};
		60276F6E2112E9CE00A1B62B /* Release */ = {
			isa = XCBuildConfiguration;
			baseConfigurationReference = 0E484EE1473F5DE387A4D1A5 /* Pods-Malhouf.release.xcconfig */;
			buildSettings = {
				ASSETCATALOG_COMPILER_APPICON_NAME = AppIcon;
				CODE_SIGN_STYLE = Automatic;
				DEVELOPMENT_TEAM = 962VFYAU45;
				INFOPLIST_FILE = Malhouf/Info.plist;
				LD_RUNPATH_SEARCH_PATHS = (
					"$(inherited)",
					"@executable_path/Frameworks",
				);
				PRODUCT_BUNDLE_IDENTIFIER = com.hajjhacthon.Malhouf;
				PRODUCT_NAME = "$(TARGET_NAME)";
				SWIFT_VERSION = 4.0;
				TARGETED_DEVICE_FAMILY = "1,2";
			};
			name = Release;
		};
		60276F702112E9CE00A1B62B /* Debug */ = {
			isa = XCBuildConfiguration;
			baseConfigurationReference = A77281A64AB28155CC1A2EB2 /* Pods-MalhoufTests.debug.xcconfig */;
			buildSettings = {
				ALWAYS_EMBED_SWIFT_STANDARD_LIBRARIES = YES;
				BUNDLE_LOADER = "$(TEST_HOST)";
				CODE_SIGN_STYLE = Automatic;
				DEVELOPMENT_TEAM = 962VFYAU45;
				INFOPLIST_FILE = MalhoufTests/Info.plist;
				LD_RUNPATH_SEARCH_PATHS = (
					"$(inherited)",
					"@executable_path/Frameworks",
					"@loader_path/Frameworks",
				);
				PRODUCT_BUNDLE_IDENTIFIER = com.hajjhacthon.MalhoufTests;
				PRODUCT_NAME = "$(TARGET_NAME)";
				SWIFT_VERSION = 4.0;
				TARGETED_DEVICE_FAMILY = "1,2";
				TEST_HOST = "$(BUILT_PRODUCTS_DIR)/Malhouf.app/Malhouf";
			};
			name = Debug;
		};
		60276F712112E9CE00A1B62B /* Release */ = {
			isa = XCBuildConfiguration;
			baseConfigurationReference = 0095B75617E0EA46FAED8397 /* Pods-MalhoufTests.release.xcconfig */;
			buildSettings = {
				ALWAYS_EMBED_SWIFT_STANDARD_LIBRARIES = YES;
				BUNDLE_LOADER = "$(TEST_HOST)";
				CODE_SIGN_STYLE = Automatic;
				DEVELOPMENT_TEAM = 962VFYAU45;
				INFOPLIST_FILE = MalhoufTests/Info.plist;
				LD_RUNPATH_SEARCH_PATHS = (
					"$(inherited)",
					"@executable_path/Frameworks",
					"@loader_path/Frameworks",
				);
				PRODUCT_BUNDLE_IDENTIFIER = com.hajjhacthon.MalhoufTests;
				PRODUCT_NAME = "$(TARGET_NAME)";
				SWIFT_VERSION = 4.0;
				TARGETED_DEVICE_FAMILY = "1,2";
				TEST_HOST = "$(BUILT_PRODUCTS_DIR)/Malhouf.app/Malhouf";
			};
			name = Release;
		};
		60276F732112E9CE00A1B62B /* Debug */ = {
			isa = XCBuildConfiguration;
			baseConfigurationReference = 2C3D37C571DEC0773036017D /* Pods-MalhoufUITests.debug.xcconfig */;
			buildSettings = {
				ALWAYS_EMBED_SWIFT_STANDARD_LIBRARIES = YES;
				CODE_SIGN_STYLE = Automatic;
				DEVELOPMENT_TEAM = 962VFYAU45;
				INFOPLIST_FILE = MalhoufUITests/Info.plist;
				LD_RUNPATH_SEARCH_PATHS = (
					"$(inherited)",
					"@executable_path/Frameworks",
					"@loader_path/Frameworks",
				);
				PRODUCT_BUNDLE_IDENTIFIER = com.hajjhacthon.MalhoufUITests;
				PRODUCT_NAME = "$(TARGET_NAME)";
				SWIFT_VERSION = 4.0;
				TARGETED_DEVICE_FAMILY = "1,2";
				TEST_TARGET_NAME = Malhouf;
			};
			name = Debug;
		};
		60276F742112E9CE00A1B62B /* Release */ = {
			isa = XCBuildConfiguration;
			baseConfigurationReference = C818375FBF016C4F4AA442D4 /* Pods-MalhoufUITests.release.xcconfig */;
			buildSettings = {
				ALWAYS_EMBED_SWIFT_STANDARD_LIBRARIES = YES;
				CODE_SIGN_STYLE = Automatic;
				DEVELOPMENT_TEAM = 962VFYAU45;
				INFOPLIST_FILE = MalhoufUITests/Info.plist;
				LD_RUNPATH_SEARCH_PATHS = (
					"$(inherited)",
					"@executable_path/Frameworks",
					"@loader_path/Frameworks",
				);
				PRODUCT_BUNDLE_IDENTIFIER = com.hajjhacthon.MalhoufUITests;
				PRODUCT_NAME = "$(TARGET_NAME)";
				SWIFT_VERSION = 4.0;
				TARGETED_DEVICE_FAMILY = "1,2";
				TEST_TARGET_NAME = Malhouf;
			};
			name = Release;
		};
/* End XCBuildConfiguration section */

/* Begin XCConfigurationList section */
		60276F3F2112E9CA00A1B62B /* Build configuration list for PBXProject "Malhouf" */ = {
			isa = XCConfigurationList;
			buildConfigurations = (
				60276F6A2112E9CE00A1B62B /* Debug */,
				60276F6B2112E9CE00A1B62B /* Release */,
			);
			defaultConfigurationIsVisible = 0;
			defaultConfigurationName = Release;
		};
		60276F6C2112E9CE00A1B62B /* Build configuration list for PBXNativeTarget "Malhouf" */ = {
			isa = XCConfigurationList;
			buildConfigurations = (
				60276F6D2112E9CE00A1B62B /* Debug */,
				60276F6E2112E9CE00A1B62B /* Release */,
			);
			defaultConfigurationIsVisible = 0;
			defaultConfigurationName = Release;
		};
		60276F6F2112E9CE00A1B62B /* Build configuration list for PBXNativeTarget "MalhoufTests" */ = {
			isa = XCConfigurationList;
			buildConfigurations = (
				60276F702112E9CE00A1B62B /* Debug */,
				60276F712112E9CE00A1B62B /* Release */,
			);
			defaultConfigurationIsVisible = 0;
			defaultConfigurationName = Release;
		};
		60276F722112E9CE00A1B62B /* Build configuration list for PBXNativeTarget "MalhoufUITests" */ = {
			isa = XCConfigurationList;
			buildConfigurations = (
				60276F732112E9CE00A1B62B /* Debug */,
				60276F742112E9CE00A1B62B /* Release */,
			);
			defaultConfigurationIsVisible = 0;
			defaultConfigurationName = Release;
		};
/* End XCConfigurationList section */
	};
	rootObject = 60276F3C2112E9CA00A1B62B /* Project object */;
}
